// !$*UTF8*$!
{
	archiveVersion = 1;
	classes = {
	};
	objectVersion = 46;
	objects = {

/* Begin PBXBuildFile section */
		33F2AD552A33E35BBDDA3C85 /* Pods_shareSpace.framework in Frameworks */ = {isa = PBXBuildFile; fileRef = F09F56D70B1827C3D503C577 /* Pods_shareSpace.framework */; };
		37017C701E763C2E00D5F299 /* AppDelegate.swift in Sources */ = {isa = PBXBuildFile; fileRef = 37017C6F1E763C2E00D5F299 /* AppDelegate.swift */; };
		37017C771E763C2E00D5F299 /* Main.storyboard in Resources */ = {isa = PBXBuildFile; fileRef = 37017C751E763C2E00D5F299 /* Main.storyboard */; };
		37017C791E763C2E00D5F299 /* Assets.xcassets in Resources */ = {isa = PBXBuildFile; fileRef = 37017C781E763C2E00D5F299 /* Assets.xcassets */; };
		37017C7C1E763C2E00D5F299 /* LaunchScreen.storyboard in Resources */ = {isa = PBXBuildFile; fileRef = 37017C7A1E763C2E00D5F299 /* LaunchScreen.storyboard */; };
		37017C871E763C2E00D5F299 /* shareSpaceTests.swift in Sources */ = {isa = PBXBuildFile; fileRef = 37017C861E763C2E00D5F299 /* shareSpaceTests.swift */; };
		37017C921E763C2E00D5F299 /* shareSpaceUITests.swift in Sources */ = {isa = PBXBuildFile; fileRef = 37017C911E763C2E00D5F299 /* shareSpaceUITests.swift */; };
		3743B2B31E764DC10003DFFA /* loginViewController.swift in Sources */ = {isa = PBXBuildFile; fileRef = 3743B2B21E764DC10003DFFA /* loginViewController.swift */; };
		3777068F1E776FA1003E8D27 /* GoogleService-Info.plist in Resources */ = {isa = PBXBuildFile; fileRef = 3777068E1E776FA1003E8D27 /* GoogleService-Info.plist */; };
/* End PBXBuildFile section */

/* Begin PBXContainerItemProxy section */
		37017C831E763C2E00D5F299 /* PBXContainerItemProxy */ = {
			isa = PBXContainerItemProxy;
			containerPortal = 37017C641E763C2E00D5F299 /* Project object */;
			proxyType = 1;
			remoteGlobalIDString = 37017C6B1E763C2E00D5F299;
			remoteInfo = shareSpace;
		};
		37017C8E1E763C2E00D5F299 /* PBXContainerItemProxy */ = {
			isa = PBXContainerItemProxy;
			containerPortal = 37017C641E763C2E00D5F299 /* Project object */;
			proxyType = 1;
			remoteGlobalIDString = 37017C6B1E763C2E00D5F299;
			remoteInfo = shareSpace;
		};
/* End PBXContainerItemProxy section */

/* Begin PBXFileReference section */
		37017C6C1E763C2E00D5F299 /* shareSpace.app */ = {isa = PBXFileReference; explicitFileType = wrapper.application; includeInIndex = 0; path = shareSpace.app; sourceTree = BUILT_PRODUCTS_DIR; };
		37017C6F1E763C2E00D5F299 /* AppDelegate.swift */ = {isa = PBXFileReference; lastKnownFileType = sourcecode.swift; path = AppDelegate.swift; sourceTree = "<group>"; };
		37017C761E763C2E00D5F299 /* Base */ = {isa = PBXFileReference; lastKnownFileType = file.storyboard; name = Base; path = Base.lproj/Main.storyboard; sourceTree = "<group>"; };
		37017C781E763C2E00D5F299 /* Assets.xcassets */ = {isa = PBXFileReference; lastKnownFileType = folder.assetcatalog; path = Assets.xcassets; sourceTree = "<group>"; };
		37017C7B1E763C2E00D5F299 /* Base */ = {isa = PBXFileReference; lastKnownFileType = file.storyboard; name = Base; path = Base.lproj/LaunchScreen.storyboard; sourceTree = "<group>"; };
		37017C7D1E763C2E00D5F299 /* Info.plist */ = {isa = PBXFileReference; lastKnownFileType = text.plist.xml; path = Info.plist; sourceTree = "<group>"; };
		37017C821E763C2E00D5F299 /* shareSpaceTests.xctest */ = {isa = PBXFileReference; explicitFileType = wrapper.cfbundle; includeInIndex = 0; path = shareSpaceTests.xctest; sourceTree = BUILT_PRODUCTS_DIR; };
		37017C861E763C2E00D5F299 /* shareSpaceTests.swift */ = {isa = PBXFileReference; lastKnownFileType = sourcecode.swift; path = shareSpaceTests.swift; sourceTree = "<group>"; };
		37017C881E763C2E00D5F299 /* Info.plist */ = {isa = PBXFileReference; lastKnownFileType = text.plist.xml; path = Info.plist; sourceTree = "<group>"; };
		37017C8D1E763C2E00D5F299 /* shareSpaceUITests.xctest */ = {isa = PBXFileReference; explicitFileType = wrapper.cfbundle; includeInIndex = 0; path = shareSpaceUITests.xctest; sourceTree = BUILT_PRODUCTS_DIR; };
		37017C911E763C2E00D5F299 /* shareSpaceUITests.swift */ = {isa = PBXFileReference; lastKnownFileType = sourcecode.swift; path = shareSpaceUITests.swift; sourceTree = "<group>"; };
		37017C931E763C2E00D5F299 /* Info.plist */ = {isa = PBXFileReference; lastKnownFileType = text.plist.xml; path = Info.plist; sourceTree = "<group>"; };
		3743B2B21E764DC10003DFFA /* loginViewController.swift */ = {isa = PBXFileReference; fileEncoding = 4; lastKnownFileType = sourcecode.swift; path = loginViewController.swift; sourceTree = "<group>"; };
		375D605F1E78644D00F57357 /* shareSpace.entitlements */ = {isa = PBXFileReference; lastKnownFileType = text.plist.entitlements; path = shareSpace.entitlements; sourceTree = "<group>"; };
		3777068E1E776FA1003E8D27 /* GoogleService-Info.plist */ = {isa = PBXFileReference; fileEncoding = 4; lastKnownFileType = text.plist.xml; name = "GoogleService-Info.plist"; path = "../../../../Downloads/GoogleService-Info.plist"; sourceTree = "<group>"; };
		8FFF9C754404D26F9D5327E3 /* Pods-shareSpace.debug.xcconfig */ = {isa = PBXFileReference; includeInIndex = 1; lastKnownFileType = text.xcconfig; name = "Pods-shareSpace.debug.xcconfig"; path = "Pods/Target Support Files/Pods-shareSpace/Pods-shareSpace.debug.xcconfig"; sourceTree = "<group>"; };
		E0016A0BC70B2B4FC74C90BD /* Pods-shareSpace.release.xcconfig */ = {isa = PBXFileReference; includeInIndex = 1; lastKnownFileType = text.xcconfig; name = "Pods-shareSpace.release.xcconfig"; path = "Pods/Target Support Files/Pods-shareSpace/Pods-shareSpace.release.xcconfig"; sourceTree = "<group>"; };
		F09F56D70B1827C3D503C577 /* Pods_shareSpace.framework */ = {isa = PBXFileReference; explicitFileType = wrapper.framework; includeInIndex = 0; path = Pods_shareSpace.framework; sourceTree = BUILT_PRODUCTS_DIR; };
/* End PBXFileReference section */

/* Begin PBXFrameworksBuildPhase section */
		37017C691E763C2E00D5F299 /* Frameworks */ = {
			isa = PBXFrameworksBuildPhase;
			buildActionMask = 2147483647;
			files = (
				33F2AD552A33E35BBDDA3C85 /* Pods_shareSpace.framework in Frameworks */,
			);
			runOnlyForDeploymentPostprocessing = 0;
		};
		37017C7F1E763C2E00D5F299 /* Frameworks */ = {
			isa = PBXFrameworksBuildPhase;
			buildActionMask = 2147483647;
			files = (
			);
			runOnlyForDeploymentPostprocessing = 0;
		};
		37017C8A1E763C2E00D5F299 /* Frameworks */ = {
			isa = PBXFrameworksBuildPhase;
			buildActionMask = 2147483647;
			files = (
			);
			runOnlyForDeploymentPostprocessing = 0;
		};
/* End PBXFrameworksBuildPhase section */

/* Begin PBXGroup section */
		37017C631E763C2E00D5F299 = {
			isa = PBXGroup;
			children = (
				37017C6E1E763C2E00D5F299 /* shareSpace */,
				37017C851E763C2E00D5F299 /* shareSpaceTests */,
				37017C901E763C2E00D5F299 /* shareSpaceUITests */,
				37017C6D1E763C2E00D5F299 /* Products */,
				5E162C03358FFA4B4E9B2256 /* Pods */,
				5F8567EB00C56C254AFD1B55 /* Frameworks */,
			);
			sourceTree = "<group>";
		};
		37017C6D1E763C2E00D5F299 /* Products */ = {
			isa = PBXGroup;
			children = (
				37017C6C1E763C2E00D5F299 /* shareSpace.app */,
				37017C821E763C2E00D5F299 /* shareSpaceTests.xctest */,
				37017C8D1E763C2E00D5F299 /* shareSpaceUITests.xctest */,
			);
			name = Products;
			sourceTree = "<group>";
		};
		37017C6E1E763C2E00D5F299 /* shareSpace */ = {
			isa = PBXGroup;
			children = (
				375D605F1E78644D00F57357 /* shareSpace.entitlements */,
				37017C6F1E763C2E00D5F299 /* AppDelegate.swift */,
				3743B2B21E764DC10003DFFA /* loginViewController.swift */,
				37017C751E763C2E00D5F299 /* Main.storyboard */,
				37017C781E763C2E00D5F299 /* Assets.xcassets */,
				37017C7A1E763C2E00D5F299 /* LaunchScreen.storyboard */,
				37017C7D1E763C2E00D5F299 /* Info.plist */,
				3777068E1E776FA1003E8D27 /* GoogleService-Info.plist */,
			);
			path = shareSpace;
			sourceTree = "<group>";
		};
		37017C851E763C2E00D5F299 /* shareSpaceTests */ = {
			isa = PBXGroup;
			children = (
				37017C861E763C2E00D5F299 /* shareSpaceTests.swift */,
				37017C881E763C2E00D5F299 /* Info.plist */,
			);
			path = shareSpaceTests;
			sourceTree = "<group>";
		};
		37017C901E763C2E00D5F299 /* shareSpaceUITests */ = {
			isa = PBXGroup;
			children = (
				37017C911E763C2E00D5F299 /* shareSpaceUITests.swift */,
				37017C931E763C2E00D5F299 /* Info.plist */,
			);
			path = shareSpaceUITests;
			sourceTree = "<group>";
		};
		5E162C03358FFA4B4E9B2256 /* Pods */ = {
			isa = PBXGroup;
			children = (
				8FFF9C754404D26F9D5327E3 /* Pods-shareSpace.debug.xcconfig */,
				E0016A0BC70B2B4FC74C90BD /* Pods-shareSpace.release.xcconfig */,
			);
			name = Pods;
			sourceTree = "<group>";
		};
		5F8567EB00C56C254AFD1B55 /* Frameworks */ = {
			isa = PBXGroup;
			children = (
				F09F56D70B1827C3D503C577 /* Pods_shareSpace.framework */,
			);
			name = Frameworks;
			sourceTree = "<group>";
		};
/* End PBXGroup section */

/* Begin PBXNativeTarget section */
		37017C6B1E763C2E00D5F299 /* shareSpace */ = {
			isa = PBXNativeTarget;
			buildConfigurationList = 37017C961E763C2E00D5F299 /* Build configuration list for PBXNativeTarget "shareSpace" */;
			buildPhases = (
				C9AED507223308DB7C824AC2 /* [CP] Check Pods Manifest.lock */,
				37017C681E763C2E00D5F299 /* Sources */,
				37017C691E763C2E00D5F299 /* Frameworks */,
				37017C6A1E763C2E00D5F299 /* Resources */,
				DA3863C1840516521EA33ABF /* [CP] Embed Pods Frameworks */,
				43B9DE2C89C3D1B95AEED83F /* [CP] Copy Pods Resources */,
			);
			buildRules = (
			);
			dependencies = (
			);
			name = shareSpace;
			productName = shareSpace;
			productReference = 37017C6C1E763C2E00D5F299 /* shareSpace.app */;
			productType = "com.apple.product-type.application";
		};
		37017C811E763C2E00D5F299 /* shareSpaceTests */ = {
			isa = PBXNativeTarget;
			buildConfigurationList = 37017C991E763C2E00D5F299 /* Build configuration list for PBXNativeTarget "shareSpaceTests" */;
			buildPhases = (
				37017C7E1E763C2E00D5F299 /* Sources */,
				37017C7F1E763C2E00D5F299 /* Frameworks */,
				37017C801E763C2E00D5F299 /* Resources */,
			);
			buildRules = (
			);
			dependencies = (
				37017C841E763C2E00D5F299 /* PBXTargetDependency */,
			);
			name = shareSpaceTests;
			productName = shareSpaceTests;
			productReference = 37017C821E763C2E00D5F299 /* shareSpaceTests.xctest */;
			productType = "com.apple.product-type.bundle.unit-test";
		};
		37017C8C1E763C2E00D5F299 /* shareSpaceUITests */ = {
			isa = PBXNativeTarget;
			buildConfigurationList = 37017C9C1E763C2E00D5F299 /* Build configuration list for PBXNativeTarget "shareSpaceUITests" */;
			buildPhases = (
				37017C891E763C2E00D5F299 /* Sources */,
				37017C8A1E763C2E00D5F299 /* Frameworks */,
				37017C8B1E763C2E00D5F299 /* Resources */,
			);
			buildRules = (
			);
			dependencies = (
				37017C8F1E763C2E00D5F299 /* PBXTargetDependency */,
			);
			name = shareSpaceUITests;
			productName = shareSpaceUITests;
			productReference = 37017C8D1E763C2E00D5F299 /* shareSpaceUITests.xctest */;
			productType = "com.apple.product-type.bundle.ui-testing";
		};
/* End PBXNativeTarget section */

/* Begin PBXProject section */
		37017C641E763C2E00D5F299 /* Project object */ = {
			isa = PBXProject;
			attributes = {
				LastSwiftUpdateCheck = 0820;
				LastUpgradeCheck = 0820;
				ORGANIZATIONNAME = Oray;
				TargetAttributes = {
					37017C6B1E763C2E00D5F299 = {
						CreatedOnToolsVersion = 8.2.1;
						DevelopmentTeam = 2KB766SM6X;
						ProvisioningStyle = Automatic;
						SystemCapabilities = {
							com.apple.Keychain = {
								enabled = 1;
							};
						};
					};
					37017C811E763C2E00D5F299 = {
						CreatedOnToolsVersion = 8.2.1;
						ProvisioningStyle = Automatic;
						TestTargetID = 37017C6B1E763C2E00D5F299;
					};
					37017C8C1E763C2E00D5F299 = {
						CreatedOnToolsVersion = 8.2.1;
						ProvisioningStyle = Automatic;
						TestTargetID = 37017C6B1E763C2E00D5F299;
					};
				};
			};
			buildConfigurationList = 37017C671E763C2E00D5F299 /* Build configuration list for PBXProject "shareSpace" */;
			compatibilityVersion = "Xcode 3.2";
			developmentRegion = English;
			hasScannedForEncodings = 0;
			knownRegions = (
				en,
				Base,
			);
			mainGroup = 37017C631E763C2E00D5F299;
			productRefGroup = 37017C6D1E763C2E00D5F299 /* Products */;
			projectDirPath = "";
			projectRoot = "";
			targets = (
				37017C6B1E763C2E00D5F299 /* shareSpace */,
				37017C811E763C2E00D5F299 /* shareSpaceTests */,
				37017C8C1E763C2E00D5F299 /* shareSpaceUITests */,
			);
		};
/* End PBXProject section */

/* Begin PBXResourcesBuildPhase section */
		37017C6A1E763C2E00D5F299 /* Resources */ = {
			isa = PBXResourcesBuildPhase;
			buildActionMask = 2147483647;
			files = (
				37017C7C1E763C2E00D5F299 /* LaunchScreen.storyboard in Resources */,
				3777068F1E776FA1003E8D27 /* GoogleService-Info.plist in Resources */,
				37017C791E763C2E00D5F299 /* Assets.xcassets in Resources */,
				37017C771E763C2E00D5F299 /* Main.storyboard in Resources */,
			);
			runOnlyForDeploymentPostprocessing = 0;
		};
		37017C801E763C2E00D5F299 /* Resources */ = {
			isa = PBXResourcesBuildPhase;
			buildActionMask = 2147483647;
			files = (
			);
			runOnlyForDeploymentPostprocessing = 0;
		};
		37017C8B1E763C2E00D5F299 /* Resources */ = {
			isa = PBXResourcesBuildPhase;
			buildActionMask = 2147483647;
			files = (
			);
			runOnlyForDeploymentPostprocessing = 0;
		};
/* End PBXResourcesBuildPhase section */

/* Begin PBXShellScriptBuildPhase section */
		43B9DE2C89C3D1B95AEED83F /* [CP] Copy Pods Resources */ = {
			isa = PBXShellScriptBuildPhase;
			buildActionMask = 2147483647;
			files = (
			);
			inputPaths = (
			);
			name = "[CP] Copy Pods Resources";
			outputPaths = (
			);
			runOnlyForDeploymentPostprocessing = 0;
			shellPath = /bin/sh;
			shellScript = "\"${SRCROOT}/Pods/Target Support Files/Pods-shareSpace/Pods-shareSpace-resources.sh\"\n";
			showEnvVarsInLog = 0;
		};
		C9AED507223308DB7C824AC2 /* [CP] Check Pods Manifest.lock */ = {
			isa = PBXShellScriptBuildPhase;
			buildActionMask = 2147483647;
			files = (
			);
			inputPaths = (
			);
			name = "[CP] Check Pods Manifest.lock";
			outputPaths = (
			);
			runOnlyForDeploymentPostprocessing = 0;
			shellPath = /bin/sh;
			shellScript = "diff \"${PODS_ROOT}/../Podfile.lock\" \"${PODS_ROOT}/Manifest.lock\" > /dev/null\nif [ $? != 0 ] ; then\n    # print error to STDERR\n    echo \"error: The sandbox is not in sync with the Podfile.lock. Run 'pod install' or update your CocoaPods installation.\" >&2\n    exit 1\nfi\n";
			showEnvVarsInLog = 0;
		};
		DA3863C1840516521EA33ABF /* [CP] Embed Pods Frameworks */ = {
			isa = PBXShellScriptBuildPhase;
			buildActionMask = 2147483647;
			files = (
			);
			inputPaths = (
			);
			name = "[CP] Embed Pods Frameworks";
			outputPaths = (
			);
			runOnlyForDeploymentPostprocessing = 0;
			shellPath = /bin/sh;
			shellScript = "\"${SRCROOT}/Pods/Target Support Files/Pods-shareSpace/Pods-shareSpace-frameworks.sh\"\n";
			showEnvVarsInLog = 0;
		};
/* End PBXShellScriptBuildPhase section */

/* Begin PBXSourcesBuildPhase section */
		37017C681E763C2E00D5F299 /* Sources */ = {
			isa = PBXSourcesBuildPhase;
			buildActionMask = 2147483647;
			files = (
				3743B2B31E764DC10003DFFA /* loginViewController.swift in Sources */,
				37017C701E763C2E00D5F299 /* AppDelegate.swift in Sources */,
			);
			runOnlyForDeploymentPostprocessing = 0;
		};
		37017C7E1E763C2E00D5F299 /* Sources */ = {
			isa = PBXSourcesBuildPhase;
			buildActionMask = 2147483647;
			files = (
				37017C871E763C2E00D5F299 /* shareSpaceTests.swift in Sources */,
			);
			runOnlyForDeploymentPostprocessing = 0;
		};
		37017C891E763C2E00D5F299 /* Sources */ = {
			isa = PBXSourcesBuildPhase;
			buildActionMask = 2147483647;
			files = (
				37017C921E763C2E00D5F299 /* shareSpaceUITests.swift in Sources */,
			);
			runOnlyForDeploymentPostprocessing = 0;
		};
/* End PBXSourcesBuildPhase section */

/* Begin PBXTargetDependency section */
		37017C841E763C2E00D5F299 /* PBXTargetDependency */ = {
			isa = PBXTargetDependency;
			target = 37017C6B1E763C2E00D5F299 /* shareSpace */;
			targetProxy = 37017C831E763C2E00D5F299 /* PBXContainerItemProxy */;
		};
		37017C8F1E763C2E00D5F299 /* PBXTargetDependency */ = {
			isa = PBXTargetDependency;
			target = 37017C6B1E763C2E00D5F299 /* shareSpace */;
			targetProxy = 37017C8E1E763C2E00D5F299 /* PBXContainerItemProxy */;
		};
/* End PBXTargetDependency section */

/* Begin PBXVariantGroup section */
		37017C751E763C2E00D5F299 /* Main.storyboard */ = {
			isa = PBXVariantGroup;
			children = (
				37017C761E763C2E00D5F299 /* Base */,
			);
			name = Main.storyboard;
			sourceTree = "<group>";
		};
		37017C7A1E763C2E00D5F299 /* LaunchScreen.storyboard */ = {
			isa = PBXVariantGroup;
			children = (
				37017C7B1E763C2E00D5F299 /* Base */,
			);
			name = LaunchScreen.storyboard;
			sourceTree = "<group>";
		};
/* End PBXVariantGroup section */

/* Begin XCBuildConfiguration section */
		37017C941E763C2E00D5F299 /* Debug */ = {
			isa = XCBuildConfiguration;
			buildSettings = {
				ALWAYS_SEARCH_USER_PATHS = NO;
				CLANG_ANALYZER_NONNULL = YES;
				CLANG_CXX_LANGUAGE_STANDARD = "gnu++0x";
				CLANG_CXX_LIBRARY = "libc++";
				CLANG_ENABLE_MODULES = YES;
				CLANG_ENABLE_OBJC_ARC = YES;
				CLANG_WARN_BOOL_CONVERSION = YES;
				CLANG_WARN_CONSTANT_CONVERSION = YES;
				CLANG_WARN_DIRECT_OBJC_ISA_USAGE = YES_ERROR;
				CLANG_WARN_DOCUMENTATION_COMMENTS = YES;
				CLANG_WARN_EMPTY_BODY = YES;
				CLANG_WARN_ENUM_CONVERSION = YES;
				CLANG_WARN_INFINITE_RECURSION = YES;
				CLANG_WARN_INT_CONVERSION = YES;
				CLANG_WARN_OBJC_ROOT_CLASS = YES_ERROR;
				CLANG_WARN_SUSPICIOUS_MOVE = YES;
				CLANG_WARN_UNREACHABLE_CODE = YES;
				CLANG_WARN__DUPLICATE_METHOD_MATCH = YES;
				"CODE_SIGN_IDENTITY[sdk=iphoneos*]" = "iPhone Developer";
				COPY_PHASE_STRIP = NO;
				DEBUG_INFORMATION_FORMAT = dwarf;
				ENABLE_STRICT_OBJC_MSGSEND = YES;
				ENABLE_TESTABILITY = YES;
				GCC_C_LANGUAGE_STANDARD = gnu99;
				GCC_DYNAMIC_NO_PIC = NO;
				GCC_NO_COMMON_BLOCKS = YES;
				GCC_OPTIMIZATION_LEVEL = 0;
				GCC_PREPROCESSOR_DEFINITIONS = (
					"DEBUG=1",
					"$(inherited)",
				);
				GCC_WARN_64_TO_32_BIT_CONVERSION = YES;
				GCC_WARN_ABOUT_RETURN_TYPE = YES_ERROR;
				GCC_WARN_UNDECLARED_SELECTOR = YES;
				GCC_WARN_UNINITIALIZED_AUTOS = YES_AGGRESSIVE;
				GCC_WARN_UNUSED_FUNCTION = YES;
				GCC_WARN_UNUSED_VARIABLE = YES;
				IPHONEOS_DEPLOYMENT_TARGET = 10.2;
				MTL_ENABLE_DEBUG_INFO = YES;
				ONLY_ACTIVE_ARCH = YES;
				SDKROOT = iphoneos;
				SWIFT_ACTIVE_COMPILATION_CONDITIONS = DEBUG;
				SWIFT_OPTIMIZATION_LEVEL = "-Onone";
				TARGETED_DEVICE_FAMILY = "1,2";
			};
			name = Debug;
		};
		37017C951E763C2E00D5F299 /* Release */ = {
			isa = XCBuildConfiguration;
			buildSettings = {
				ALWAYS_SEARCH_USER_PATHS = NO;
				CLANG_ANALYZER_NONNULL = YES;
				CLANG_CXX_LANGUAGE_STANDARD = "gnu++0x";
				CLANG_CXX_LIBRARY = "libc++";
				CLANG_ENABLE_MODULES = YES;
				CLANG_ENABLE_OBJC_ARC = YES;
				CLANG_WARN_BOOL_CONVERSION = YES;
				CLANG_WARN_CONSTANT_CONVERSION = YES;
				CLANG_WARN_DIRECT_OBJC_ISA_USAGE = YES_ERROR;
				CLANG_WARN_DOCUMENTATION_COMMENTS = YES;
				CLANG_WARN_EMPTY_BODY = YES;
				CLANG_WARN_ENUM_CONVERSION = YES;
				CLANG_WARN_INFINITE_RECURSION = YES;
				CLANG_WARN_INT_CONVERSION = YES;
				CLANG_WARN_OBJC_ROOT_CLASS = YES_ERROR;
				CLANG_WARN_SUSPICIOUS_MOVE = YES;
				CLANG_WARN_UNREACHABLE_CODE = YES;
				CLANG_WARN__DUPLICATE_METHOD_MATCH = YES;
				"CODE_SIGN_IDENTITY[sdk=iphoneos*]" = "iPhone Developer";
				COPY_PHASE_STRIP = NO;
				DEBUG_INFORMATION_FORMAT = "dwarf-with-dsym";
				ENABLE_NS_ASSERTIONS = NO;
				ENABLE_STRICT_OBJC_MSGSEND = YES;
				GCC_C_LANGUAGE_STANDARD = gnu99;
				GCC_NO_COMMON_BLOCKS = YES;
				GCC_WARN_64_TO_32_BIT_CONVERSION = YES;
				GCC_WARN_ABOUT_RETURN_TYPE = YES_ERROR;
				GCC_WARN_UNDECLARED_SELECTOR = YES;
				GCC_WARN_UNINITIALIZED_AUTOS = YES_AGGRESSIVE;
				GCC_WARN_UNUSED_FUNCTION = YES;
				GCC_WARN_UNUSED_VARIABLE = YES;
				IPHONEOS_DEPLOYMENT_TARGET = 10.2;
				MTL_ENABLE_DEBUG_INFO = NO;
				SDKROOT = iphoneos;
				SWIFT_OPTIMIZATION_LEVEL = "-Owholemodule";
				TARGETED_DEVICE_FAMILY = "1,2";
				VALIDATE_PRODUCT = YES;
			};
			name = Release;
		};
		37017C971E763C2E00D5F299 /* Debug */ = {
			isa = XCBuildConfiguration;
			baseConfigurationReference = 8FFF9C754404D26F9D5327E3 /* Pods-shareSpace.debug.xcconfig */;
			buildSettings = {
				ASSETCATALOG_COMPILER_APPICON_NAME = AppIcon;
				CODE_SIGN_ENTITLEMENTS = shareSpace/shareSpace.entitlements;
				DEVELOPMENT_TEAM = 2KB766SM6X;
				INFOPLIST_FILE = shareSpace/Info.plist;
				LD_RUNPATH_SEARCH_PATHS = "$(inherited) @executable_path/Frameworks";
				PRODUCT_BUNDLE_IDENTIFIER = com.oray.shareSpace;
				PRODUCT_NAME = "$(TARGET_NAME)";
				SWIFT_VERSION = 3.0;
			};
			name = Debug;
		};
		37017C981E763C2E00D5F299 /* Release */ = {
			isa = XCBuildConfiguration;
			baseConfigurationReference = E0016A0BC70B2B4FC74C90BD /* Pods-shareSpace.release.xcconfig */;
			buildSettings = {
				ASSETCATALOG_COMPILER_APPICON_NAME = AppIcon;
				CODE_SIGN_ENTITLEMENTS = shareSpace/shareSpace.entitlements;
				DEVELOPMENT_TEAM = 2KB766SM6X;
				INFOPLIST_FILE = shareSpace/Info.plist;
				LD_RUNPATH_SEARCH_PATHS = "$(inherited) @executable_path/Frameworks";
				PRODUCT_BUNDLE_IDENTIFIER = com.oray.shareSpace;
				PRODUCT_NAME = "$(TARGET_NAME)";
				SWIFT_VERSION = 3.0;
			};
			name = Release;
		};
		37017C9A1E763C2E00D5F299 /* Debug */ = {
			isa = XCBuildConfiguration;
			buildSettings = {
				ALWAYS_EMBED_SWIFT_STANDARD_LIBRARIES = YES;
				BUNDLE_LOADER = "$(TEST_HOST)";
				INFOPLIST_FILE = shareSpaceTests/Info.plist;
				LD_RUNPATH_SEARCH_PATHS = "$(inherited) @executable_path/Frameworks @loader_path/Frameworks";
				PRODUCT_BUNDLE_IDENTIFIER = com.oray.shareSpaceTests;
				PRODUCT_NAME = "$(TARGET_NAME)";
				SWIFT_VERSION = 3.0;
				TEST_HOST = "$(BUILT_PRODUCTS_DIR)/shareSpace.app/shareSpace";
			};
			name = Debug;
		};
		37017C9B1E763C2E00D5F299 /* Release */ = {
			isa = XCBuildConfiguration;
			buildSettings = {
				ALWAYS_EMBED_SWIFT_STANDARD_LIBRARIES = YES;
				BUNDLE_LOADER = "$(TEST_HOST)";
				INFOPLIST_FILE = shareSpaceTests/Info.plist;
				LD_RUNPATH_SEARCH_PATHS = "$(inherited) @executable_path/Frameworks @loader_path/Frameworks";
				PRODUCT_BUNDLE_IDENTIFIER = com.oray.shareSpaceTests;
				PRODUCT_NAME = "$(TARGET_NAME)";
				SWIFT_VERSION = 3.0;
				TEST_HOST = "$(BUILT_PRODUCTS_DIR)/shareSpace.app/shareSpace";
			};
			name = Release;
		};
		37017C9D1E763C2E00D5F299 /* Debug */ = {
			isa = XCBuildConfiguration;
			buildSettings = {
				ALWAYS_EMBED_SWIFT_STANDARD_LIBRARIES = YES;
				INFOPLIST_FILE = shareSpaceUITests/Info.plist;
				LD_RUNPATH_SEARCH_PATHS = "$(inherited) @executable_path/Frameworks @loader_path/Frameworks";
				PRODUCT_BUNDLE_IDENTIFIER = com.oray.shareSpaceUITests;
				PRODUCT_NAME = "$(TARGET_NAME)";
				SWIFT_VERSION = 3.0;
				TEST_TARGET_NAME = shareSpace;
			};
			name = Debug;
		};
		37017C9E1E763C2E00D5F299 /* Release */ = {
			isa = XCBuildConfiguration;
			buildSettings = {
				ALWAYS_EMBED_SWIFT_STANDARD_LIBRARIES = YES;
				INFOPLIST_FILE = shareSpaceUITests/Info.plist;
				LD_RUNPATH_SEARCH_PATHS = "$(inherited) @executable_path/Frameworks @loader_path/Frameworks";
				PRODUCT_BUNDLE_IDENTIFIER = com.oray.shareSpaceUITests;
				PRODUCT_NAME = "$(TARGET_NAME)";
				SWIFT_VERSION = 3.0;
				TEST_TARGET_NAME = shareSpace;
			};
			name = Release;
		};
/* End XCBuildConfiguration section */

/* Begin XCConfigurationList section */
		37017C671E763C2E00D5F299 /* Build configuration list for PBXProject "shareSpace" */ = {
			isa = XCConfigurationList;
			buildConfigurations = (
				37017C941E763C2E00D5F299 /* Debug */,
				37017C951E763C2E00D5F299 /* Release */,
			);
			defaultConfigurationIsVisible = 0;
			defaultConfigurationName = Release;
		};
		37017C961E763C2E00D5F299 /* Build configuration list for PBXNativeTarget "shareSpace" */ = {
			isa = XCConfigurationList;
			buildConfigurations = (
				37017C971E763C2E00D5F299 /* Debug */,
				37017C981E763C2E00D5F299 /* Release */,
			);
			defaultConfigurationIsVisible = 0;
			defaultConfigurationName = Release;
		};
		37017C991E763C2E00D5F299 /* Build configuration list for PBXNativeTarget "shareSpaceTests" */ = {
			isa = XCConfigurationList;
			buildConfigurations = (
				37017C9A1E763C2E00D5F299 /* Debug */,
				37017C9B1E763C2E00D5F299 /* Release */,
			);
			defaultConfigurationIsVisible = 0;
			defaultConfigurationName = Release;
		};
		37017C9C1E763C2E00D5F299 /* Build configuration list for PBXNativeTarget "shareSpaceUITests" */ = {
			isa = XCConfigurationList;
			buildConfigurations = (
				37017C9D1E763C2E00D5F299 /* Debug */,
				37017C9E1E763C2E00D5F299 /* Release */,
			);
			defaultConfigurationIsVisible = 0;
			defaultConfigurationName = Release;
		};
/* End XCConfigurationList section */
	};
	rootObject = 37017C641E763C2E00D5F299 /* Project object */;
}
